
Microsoft Visual Studio Solution File, Format Version 12.00
# Visual Studio Version 16
VisualStudioVersion = 16.0.31205.134
MinimumVisualStudioVersion = 10.0.40219.1
Project("{FAE04EC0-301F-11D3-BF4B-00C04F79EFBC}") = "109703059", "109703059\109703059.csproj", "{FE210CF0-F6FC-4C4E-9212-DE79A75968D2}"
EndProject
Global
	GlobalSection(SolutionConfigurationPlatforms) = preSolution
		Debug|Any CPU = Debug|Any CPU
		Release|Any CPU = Release|Any CPU
	EndGlobalSection
	GlobalSection(ProjectConfigurationPlatforms) = postSolution
		{FE210CF0-F6FC-4C4E-9212-DE79A75968D2}.Debug|Any CPU.ActiveCfg = Debug|Any CPU
		{FE210CF0-F6FC-4C4E-9212-DE79A75968D2}.Debug|Any CPU.Build.0 = Debug|Any CPU
		{FE210CF0-F6FC-4C4E-9212-DE79A75968D2}.Release|Any CPU.ActiveCfg = Release|Any CPU
		{FE210CF0-F6FC-4C4E-9212-DE79A75968D2}.Release|Any CPU.Build.0 = Release|Any CPU
	EndGlobalSection
	GlobalSection(SolutionProperties) = preSolution
		HideSolutionNode = FALSE
	EndGlobalSection
	GlobalSection(ExtensibilityGlobals) = postSolution
		SolutionGuid = {FE14E726-51F8-4C3B-A2F3-D1D6B39A2B3E}
	EndGlobalSection
EndGlobal
